{
  "name": "@firewatch/shared-ts",
  "lockfileVersion": 3,
  "requires": true,
  "packages": {
    "": {
      "name": "@firewatch/shared-ts",
      "dependencies": {
        "zod": "^3.25.0"
      },
      "devDependencies": {
        "json-schema-to-zod": "^2.6.0"
      }
    },
    "node_modules/json-schema-to-zod": {
      "version": "2.8.1",
      "resolved": "https://registry.npmjs.org/json-schema-to-zod/-/json-schema-to-zod-2.8.1.tgz",
      "integrity": "sha512-fRr1mHgZ7hboLKBUdR428gd9dIHUFGivUqOeiDcSmyXkNZCtB1uGaZLvsjZ4GaN5pwBIs+TGIOf6s+Rp5/R/zA==",
      "dev": true,
      "license": "ISC",
      "bin": {
        "json-schema-to-zod": "dist/cjs/cli.js"
      }
    },
    "node_modules/zod": {
      "version": "3.25.76",
      "resolved": "https://registry.npmjs.org/zod/-/zod-3.25.76.tgz",
      "integrity": "sha512-gzUt/qt81nXsFGKIFcC3YnfEAx5NkunCfnDlvuBSSFS02bcXu4Lmea0AFIUwbLWxWPx3d9p8S5QoaujKcNQxcQ==",
      "license": "MIT",
      "funding": {
        "url": "https://github.com/sponsors/colinhacks"
      }
    }
  }
}
